
Microsoft Visual Studio Solution File, Format Version 12.00
# Visual Studio Version 17
VisualStudioVersion = 17.9.34701.34
MinimumVisualStudioVersion = 10.0.40219.1
Project("{9A19103F-16F7-4668-BE54-9A1E7A4F7556}") = "Chat", "Chat\Chat.csproj", "{BE744C3C-50EE-4ABE-9D66-A51BE1CD3EC4}"
EndProject
Project("{FAE04EC0-301F-11D3-BF4B-00C04F79EFBC}") = "ServerPrac", "ServerPrac\ServerPrac.csproj", "{1D7E8003-AFAF-43F1-AB3C-BFB6920B6C50}"
EndProject
Global
	GlobalSection(SolutionConfigurationPlatforms) = preSolution
		Debug|Any CPU = Debug|Any CPU
		Release|Any CPU = Release|Any CPU
	EndGlobalSection
	GlobalSection(ProjectConfigurationPlatforms) = postSolution
		{BE744C3C-50EE-4ABE-9D66-A51BE1CD3EC4}.Debug|Any CPU.ActiveCfg = Debug|Any CPU
		{BE744C3C-50EE-4ABE-9D66-A51BE1CD3EC4}.Debug|Any CPU.Build.0 = Debug|Any CPU
		{BE744C3C-50EE-4ABE-9D66-A51BE1CD3EC4}.Release|Any CPU.ActiveCfg = Release|Any CPU
		{BE744C3C-50EE-4ABE-9D66-A51BE1CD3EC4}.Release|Any CPU.Build.0 = Release|Any CPU
		{1D7E8003-AFAF-43F1-AB3C-BFB6920B6C50}.Debug|Any CPU.ActiveCfg = Debug|Any CPU
		{1D7E8003-AFAF-43F1-AB3C-BFB6920B6C50}.Debug|Any CPU.Build.0 = Debug|Any CPU
		{1D7E8003-AFAF-43F1-AB3C-BFB6920B6C50}.Release|Any CPU.ActiveCfg = Release|Any CPU
		{1D7E8003-AFAF-43F1-AB3C-BFB6920B6C50}.Release|Any CPU.Build.0 = Release|Any CPU
	EndGlobalSection
	GlobalSection(SolutionProperties) = preSolution
		HideSolutionNode = FALSE
	EndGlobalSection
	GlobalSection(ExtensibilityGlobals) = postSolution
		SolutionGuid = {43F7B178-CED3-47A7-81E7-354E42D5DFD5}
	EndGlobalSection
EndGlobal
